
Microsoft Visual Studio Solution File, Format Version 12.00
# Visual Studio Version 16
VisualStudioVersion = 16.0.31005.135
MinimumVisualStudioVersion = 10.0.40219.1
Project("{FAE04EC0-301F-11D3-BF4B-00C04F79EFBC}") = "projeto-teste", "projeto-teste.csproj", "{F6105740-78CF-44B1-9B91-EC7F2ED43E9F}"
EndProject
Global
	GlobalSection(SolutionConfigurationPlatforms) = preSolution
		Debug|Any CPU = Debug|Any CPU
		Release|Any CPU = Release|Any CPU
	EndGlobalSection
	GlobalSection(ProjectConfigurationPlatforms) = postSolution
		{F6105740-78CF-44B1-9B91-EC7F2ED43E9F}.Debug|Any CPU.ActiveCfg = Debug|Any CPU
		{F6105740-78CF-44B1-9B91-EC7F2ED43E9F}.Debug|Any CPU.Build.0 = Debug|Any CPU
		{F6105740-78CF-44B1-9B91-EC7F2ED43E9F}.Release|Any CPU.ActiveCfg = Release|Any CPU
		{F6105740-78CF-44B1-9B91-EC7F2ED43E9F}.Release|Any CPU.Build.0 = Release|Any CPU
	EndGlobalSection
	GlobalSection(SolutionProperties) = preSolution
		HideSolutionNode = FALSE
	EndGlobalSection
	GlobalSection(ExtensibilityGlobals) = postSolution
		SolutionGuid = {1F911370-18B4-40B3-A90F-D2489ADEE41D}
	EndGlobalSection
EndGlobal
